
Microsoft Visual Studio Solution File, Format Version 12.00
# Visual Studio Version 16
VisualStudioVersion = 16.0.29102.190
MinimumVisualStudioVersion = 10.0.40219.1
Project("{2150E333-8FDC-42A3-9474-1A3956D46DE8}") = "1 - Api", "1 - Api", "{DB40382F-3FDB-4FF9-BAA6-0CBC0964B2F9}"
EndProject
Project("{2150E333-8FDC-42A3-9474-1A3956D46DE8}") = "2 - Services", "2 - Services", "{E6A8DA14-DDA2-4C59-974C-4BA6F2ED05DA}"
EndProject
Project("{2150E333-8FDC-42A3-9474-1A3956D46DE8}") = "5 - Repository", "5 - Repository", "{7F8CE789-6E70-4115-AC48-15AD8771D2F7}"
EndProject
Project("{2150E333-8FDC-42A3-9474-1A3956D46DE8}") = "3 - Business", "3 - Business", "{2E05873B-2516-4648-AFD1-15B50B0D19AB}"
EndProject
Project("{2150E333-8FDC-42A3-9474-1A3956D46DE8}") = "4 - Domain", "4 - Domain", "{6B894E11-5F17-467A-9BBA-B9601128371A}"
EndProject
Project("{FAE04EC0-301F-11D3-BF4B-00C04F79EFBC}") = "Car.API", "source\Car.API\Car.API.csproj", "{096F6C41-84FB-428C-A2A3-7F696BD65077}"
EndProject
Project("{FAE04EC0-301F-11D3-BF4B-00C04F79EFBC}") = "Car.Services", "source\Car.Services\Car.Services.csproj", "{4A005392-9E52-4E74-BA38-0A4D17F58DEA}"
EndProject
Project("{FAE04EC0-301F-11D3-BF4B-00C04F79EFBC}") = "Car.Business", "source\Car.Business\Car.Business.csproj", "{3B01063A-B4AD-43E6-A7F8-91A295802CA4}"
EndProject
Project("{FAE04EC0-301F-11D3-BF4B-00C04F79EFBC}") = "Car.Domain", "source\Car.Domain\Car.Domain.csproj", "{870234CD-FC3B-4DF4-8D20-54ADA3DB9E23}"
EndProject
Project("{9A19103F-16F7-4668-BE54-9A1E7A4F7556}") = "Car.Repository", "source\Car.Repository\Car.Repository.csproj", "{EEE65B3E-A8FF-40F5-A941-0ABC14F7B447}"
EndProject
Project("{2150E333-8FDC-42A3-9474-1A3956D46DE8}") = "6 - Tests", "6 - Tests", "{314D7CBE-89C5-4334-9F05-1CC914D0901A}"
EndProject
Project("{FAE04EC0-301F-11D3-BF4B-00C04F79EFBC}") = "CarAPI.Tests", "tests\CarAPI.Tests\CarAPI.Tests.csproj", "{89136649-F343-4590-BE9D-104251F7D9F1}"
EndProject
Global
	GlobalSection(SolutionConfigurationPlatforms) = preSolution
		Debug|Any CPU = Debug|Any CPU
		Release|Any CPU = Release|Any CPU
	EndGlobalSection
	GlobalSection(ProjectConfigurationPlatforms) = postSolution
		{096F6C41-84FB-428C-A2A3-7F696BD65077}.Debug|Any CPU.ActiveCfg = Debug|Any CPU
		{096F6C41-84FB-428C-A2A3-7F696BD65077}.Debug|Any CPU.Build.0 = Debug|Any CPU
		{096F6C41-84FB-428C-A2A3-7F696BD65077}.Release|Any CPU.ActiveCfg = Release|Any CPU
		{096F6C41-84FB-428C-A2A3-7F696BD65077}.Release|Any CPU.Build.0 = Release|Any CPU
		{4A005392-9E52-4E74-BA38-0A4D17F58DEA}.Debug|Any CPU.ActiveCfg = Debug|Any CPU
		{4A005392-9E52-4E74-BA38-0A4D17F58DEA}.Debug|Any CPU.Build.0 = Debug|Any CPU
		{4A005392-9E52-4E74-BA38-0A4D17F58DEA}.Release|Any CPU.ActiveCfg = Release|Any CPU
		{4A005392-9E52-4E74-BA38-0A4D17F58DEA}.Release|Any CPU.Build.0 = Release|Any CPU
		{3B01063A-B4AD-43E6-A7F8-91A295802CA4}.Debug|Any CPU.ActiveCfg = Debug|Any CPU
		{3B01063A-B4AD-43E6-A7F8-91A295802CA4}.Debug|Any CPU.Build.0 = Debug|Any CPU
		{3B01063A-B4AD-43E6-A7F8-91A295802CA4}.Release|Any CPU.ActiveCfg = Release|Any CPU
		{3B01063A-B4AD-43E6-A7F8-91A295802CA4}.Release|Any CPU.Build.0 = Release|Any CPU
		{870234CD-FC3B-4DF4-8D20-54ADA3DB9E23}.Debug|Any CPU.ActiveCfg = Debug|Any CPU
		{870234CD-FC3B-4DF4-8D20-54ADA3DB9E23}.Debug|Any CPU.Build.0 = Debug|Any CPU
		{870234CD-FC3B-4DF4-8D20-54ADA3DB9E23}.Release|Any CPU.ActiveCfg = Release|Any CPU
		{870234CD-FC3B-4DF4-8D20-54ADA3DB9E23}.Release|Any CPU.Build.0 = Release|Any CPU
		{EEE65B3E-A8FF-40F5-A941-0ABC14F7B447}.Debug|Any CPU.ActiveCfg = Debug|Any CPU
		{EEE65B3E-A8FF-40F5-A941-0ABC14F7B447}.Debug|Any CPU.Build.0 = Debug|Any CPU
		{EEE65B3E-A8FF-40F5-A941-0ABC14F7B447}.Release|Any CPU.ActiveCfg = Release|Any CPU
		{EEE65B3E-A8FF-40F5-A941-0ABC14F7B447}.Release|Any CPU.Build.0 = Release|Any CPU
		{89136649-F343-4590-BE9D-104251F7D9F1}.Debug|Any CPU.ActiveCfg = Debug|Any CPU
		{89136649-F343-4590-BE9D-104251F7D9F1}.Debug|Any CPU.Build.0 = Debug|Any CPU
		{89136649-F343-4590-BE9D-104251F7D9F1}.Release|Any CPU.ActiveCfg = Release|Any CPU
		{89136649-F343-4590-BE9D-104251F7D9F1}.Release|Any CPU.Build.0 = Release|Any CPU
	EndGlobalSection
	GlobalSection(SolutionProperties) = preSolution
		HideSolutionNode = FALSE
	EndGlobalSection
	GlobalSection(NestedProjects) = preSolution
		{096F6C41-84FB-428C-A2A3-7F696BD65077} = {DB40382F-3FDB-4FF9-BAA6-0CBC0964B2F9}
		{4A005392-9E52-4E74-BA38-0A4D17F58DEA} = {E6A8DA14-DDA2-4C59-974C-4BA6F2ED05DA}
		{3B01063A-B4AD-43E6-A7F8-91A295802CA4} = {2E05873B-2516-4648-AFD1-15B50B0D19AB}
		{870234CD-FC3B-4DF4-8D20-54ADA3DB9E23} = {6B894E11-5F17-467A-9BBA-B9601128371A}
		{EEE65B3E-A8FF-40F5-A941-0ABC14F7B447} = {7F8CE789-6E70-4115-AC48-15AD8771D2F7}
		{89136649-F343-4590-BE9D-104251F7D9F1} = {314D7CBE-89C5-4334-9F05-1CC914D0901A}
	EndGlobalSection
	GlobalSection(ExtensibilityGlobals) = postSolution
		SolutionGuid = {5AA482E6-80BB-4295-BB36-578ABE56C52E}
	EndGlobalSection
EndGlobal
